
Microsoft Visual Studio Solution File, Format Version 12.00
# Visual Studio Version 17
VisualStudioVersion = 17.10.35013.160
MinimumVisualStudioVersion = 10.0.40219.1
Project("{FAE04EC0-301F-11D3-BF4B-00C04F79EFBC}") = "minmaxsum", "minmaxsum.csproj", "{4CE4AB79-C891-4A58-A0B1-2A90375D502C}"
EndProject
Global
	GlobalSection(SolutionConfigurationPlatforms) = preSolution
		Debug|Any CPU = Debug|Any CPU
		Release|Any CPU = Release|Any CPU
	EndGlobalSection
	GlobalSection(ProjectConfigurationPlatforms) = postSolution
		{4CE4AB79-C891-4A58-A0B1-2A90375D502C}.Debug|Any CPU.ActiveCfg = Debug|Any CPU
		{4CE4AB79-C891-4A58-A0B1-2A90375D502C}.Debug|Any CPU.Build.0 = Debug|Any CPU
		{4CE4AB79-C891-4A58-A0B1-2A90375D502C}.Release|Any CPU.ActiveCfg = Release|Any CPU
		{4CE4AB79-C891-4A58-A0B1-2A90375D502C}.Release|Any CPU.Build.0 = Release|Any CPU
	EndGlobalSection
	GlobalSection(SolutionProperties) = preSolution
		HideSolutionNode = FALSE
	EndGlobalSection
	GlobalSection(ExtensibilityGlobals) = postSolution
		SolutionGuid = {83232EDB-204E-4CE6-B204-A035E2EE01B1}
	EndGlobalSection
EndGlobal
